
Microsoft Visual Studio Solution File, Format Version 12.00
# Visual Studio 15
VisualStudioVersion = 15.0.33026.149
MinimumVisualStudioVersion = 10.0.40219.1
Project("{FAE04EC0-301F-11D3-BF4B-00C04F79EFBC}") = "Hostel Management System", "Hostel Management System\Hostel Management System.csproj", "{CC022D60-E707-4869-A25B-BD0CC1E2A40B}"
EndProject
Global
	GlobalSection(SolutionConfigurationPlatforms) = preSolution
		Debug|Any CPU = Debug|Any CPU
		Release|Any CPU = Release|Any CPU
	EndGlobalSection
	GlobalSection(ProjectConfigurationPlatforms) = postSolution
		{CC022D60-E707-4869-A25B-BD0CC1E2A40B}.Debug|Any CPU.ActiveCfg = Debug|Any CPU
		{CC022D60-E707-4869-A25B-BD0CC1E2A40B}.Debug|Any CPU.Build.0 = Debug|Any CPU
		{CC022D60-E707-4869-A25B-BD0CC1E2A40B}.Release|Any CPU.ActiveCfg = Release|Any CPU
		{CC022D60-E707-4869-A25B-BD0CC1E2A40B}.Release|Any CPU.Build.0 = Release|Any CPU
	EndGlobalSection
	GlobalSection(SolutionProperties) = preSolution
		HideSolutionNode = FALSE
	EndGlobalSection
	GlobalSection(ExtensibilityGlobals) = postSolution
		SolutionGuid = {9D766425-60ED-434F-957F-48D39B012D84}
	EndGlobalSection
EndGlobal
